// !$*UTF8*$!
{
	archiveVersion = 1;
	classes = {
	};
	objectVersion = 50;
	objects = {

/* Begin PBXBuildFile section */
		9F31681E21DB46B700279A6C /* AppDelegate.swift in Sources */ = {isa = PBXBuildFile; fileRef = 9F31681D21DB46B700279A6C /* AppDelegate.swift */; };
		9F31682021DB46B700279A6C /* ViewController.swift in Sources */ = {isa = PBXBuildFile; fileRef = 9F31681F21DB46B700279A6C /* ViewController.swift */; };
		9F31682321DB46B700279A6C /* Main.storyboard in Resources */ = {isa = PBXBuildFile; fileRef = 9F31682121DB46B700279A6C /* Main.storyboard */; };
		9F31682521DB46B700279A6C /* Assets.xcassets in Resources */ = {isa = PBXBuildFile; fileRef = 9F31682421DB46B700279A6C /* Assets.xcassets */; };
		9F31682821DB46B800279A6C /* LaunchScreen.storyboard in Resources */ = {isa = PBXBuildFile; fileRef = 9F31682621DB46B800279A6C /* LaunchScreen.storyboard */; };
		9F31683021DB46EE00279A6C /* DataModel.swift in Sources */ = {isa = PBXBuildFile; fileRef = 9F31682F21DB46EE00279A6C /* DataModel.swift */; };
		9F31683221DB470500279A6C /* HeaderView.swift in Sources */ = {isa = PBXBuildFile; fileRef = 9F31683121DB470500279A6C /* HeaderView.swift */; };
		9F31683521DB55A400279A6C /* SectionCustomee.swift in Sources */ = {isa = PBXBuildFile; fileRef = 9F31683321DB55A400279A6C /* SectionCustomee.swift */; };
		9F31683621DB55A400279A6C /* SectionCustomee.xib in Resources */ = {isa = PBXBuildFile; fileRef = 9F31683421DB55A400279A6C /* SectionCustomee.xib */; };
/* End PBXBuildFile section */

/* Begin PBXFileReference section */
		9F31681A21DB46B700279A6C /* ExpandableMenu.app */ = {isa = PBXFileReference; explicitFileType = wrapper.application; includeInIndex = 0; path = ExpandableMenu.app; sourceTree = BUILT_PRODUCTS_DIR; };
		9F31681D21DB46B700279A6C /* AppDelegate.swift */ = {isa = PBXFileReference; lastKnownFileType = sourcecode.swift; path = AppDelegate.swift; sourceTree = "<group>"; };
		9F31681F21DB46B700279A6C /* ViewController.swift */ = {isa = PBXFileReference; lastKnownFileType = sourcecode.swift; path = ViewController.swift; sourceTree = "<group>"; };
		9F31682221DB46B700279A6C /* Base */ = {isa = PBXFileReference; lastKnownFileType = file.storyboard; name = Base; path = Base.lproj/Main.storyboard; sourceTree = "<group>"; };
		9F31682421DB46B700279A6C /* Assets.xcassets */ = {isa = PBXFileReference; lastKnownFileType = folder.assetcatalog; path = Assets.xcassets; sourceTree = "<group>"; };
		9F31682721DB46B800279A6C /* Base */ = {isa = PBXFileReference; lastKnownFileType = file.storyboard; name = Base; path = Base.lproj/LaunchScreen.storyboard; sourceTree = "<group>"; };
		9F31682921DB46B800279A6C /* Info.plist */ = {isa = PBXFileReference; lastKnownFileType = text.plist.xml; path = Info.plist; sourceTree = "<group>"; };
		9F31682F21DB46EE00279A6C /* DataModel.swift */ = {isa = PBXFileReference; lastKnownFileType = sourcecode.swift; path = DataModel.swift; sourceTree = "<group>"; };
		9F31683121DB470500279A6C /* HeaderView.swift */ = {isa = PBXFileReference; lastKnownFileType = sourcecode.swift; path = HeaderView.swift; sourceTree = "<group>"; };
		9F31683321DB55A400279A6C /* SectionCustomee.swift */ = {isa = PBXFileReference; lastKnownFileType = sourcecode.swift; path = SectionCustomee.swift; sourceTree = "<group>"; };
		9F31683421DB55A400279A6C /* SectionCustomee.xib */ = {isa = PBXFileReference; lastKnownFileType = file.xib; path = SectionCustomee.xib; sourceTree = "<group>"; };
/* End PBXFileReference section */

/* Begin PBXFrameworksBuildPhase section */
		9F31681721DB46B700279A6C /* Frameworks */ = {
			isa = PBXFrameworksBuildPhase;
			buildActionMask = 2147483647;
			files = (
			);
			runOnlyForDeploymentPostprocessing = 0;
		};
/* End PBXFrameworksBuildPhase section */

/* Begin PBXGroup section */
		9F31681121DB46B700279A6C = {
			isa = PBXGroup;
			children = (
				9F31681C21DB46B700279A6C /* ExpandableMenu */,
				9F31681B21DB46B700279A6C /* Products */,
			);
			sourceTree = "<group>";
		};
		9F31681B21DB46B700279A6C /* Products */ = {
			isa = PBXGroup;
			children = (
				9F31681A21DB46B700279A6C /* ExpandableMenu.app */,
			);
			name = Products;
			sourceTree = "<group>";
		};
		9F31681C21DB46B700279A6C /* ExpandableMenu */ = {
			isa = PBXGroup;
			children = (
				9F31681D21DB46B700279A6C /* AppDelegate.swift */,
				9F31681F21DB46B700279A6C /* ViewController.swift */,
				9F31682121DB46B700279A6C /* Main.storyboard */,
				9F31682421DB46B700279A6C /* Assets.xcassets */,
				9F31682621DB46B800279A6C /* LaunchScreen.storyboard */,
				9F31682921DB46B800279A6C /* Info.plist */,
				9F31682F21DB46EE00279A6C /* DataModel.swift */,
				9F31683121DB470500279A6C /* HeaderView.swift */,
				9F31683321DB55A400279A6C /* SectionCustomee.swift */,
				9F31683421DB55A400279A6C /* SectionCustomee.xib */,
			);
			path = ExpandableMenu;
			sourceTree = "<group>";
		};
/* End PBXGroup section */

/* Begin PBXNativeTarget section */
		9F31681921DB46B700279A6C /* ExpandableMenu */ = {
			isa = PBXNativeTarget;
			buildConfigurationList = 9F31682C21DB46B800279A6C /* Build configuration list for PBXNativeTarget "ExpandableMenu" */;
			buildPhases = (
				9F31681621DB46B700279A6C /* Sources */,
				9F31681721DB46B700279A6C /* Frameworks */,
				9F31681821DB46B700279A6C /* Resources */,
			);
			buildRules = (
			);
			dependencies = (
			);
			name = ExpandableMenu;
			productName = ExpandableMenu;
			productReference = 9F31681A21DB46B700279A6C /* ExpandableMenu.app */;
			productType = "com.apple.product-type.application";
		};
/* End PBXNativeTarget section */

/* Begin PBXProject section */
		9F31681221DB46B700279A6C /* Project object */ = {
			isa = PBXProject;
			attributes = {
				LastSwiftUpdateCheck = 1010;
				LastUpgradeCheck = 1010;
				ORGANIZATIONNAME = kiran;
				TargetAttributes = {
					9F31681921DB46B700279A6C = {
						CreatedOnToolsVersion = 10.1;
					};
				};
			};
			buildConfigurationList = 9F31681521DB46B700279A6C /* Build configuration list for PBXProject "ExpandableMenu" */;
			compatibilityVersion = "Xcode 9.3";
			developmentRegion = en;
			hasScannedForEncodings = 0;
			knownRegions = (
				en,
				Base,
			);
			mainGroup = 9F31681121DB46B700279A6C;
			productRefGroup = 9F31681B21DB46B700279A6C /* Products */;
			projectDirPath = "";
			projectRoot = "";
			targets = (
				9F31681921DB46B700279A6C /* ExpandableMenu */,
			);
		};
/* End PBXProject section */

/* Begin PBXResourcesBuildPhase section */
		9F31681821DB46B700279A6C /* Resources */ = {
			isa = PBXResourcesBuildPhase;
			buildActionMask = 2147483647;
			files = (
				9F31682821DB46B800279A6C /* LaunchScreen.storyboard in Resources */,
				9F31682521DB46B700279A6C /* Assets.xcassets in Resources */,
				9F31683621DB55A400279A6C /* SectionCustomee.xib in Resources */,
				9F31682321DB46B700279A6C /* Main.storyboard in Resources */,
			);
			runOnlyForDeploymentPostprocessing = 0;
		};
/* End PBXResourcesBuildPhase section */

/* Begin PBXSourcesBuildPhase section */
		9F31681621DB46B700279A6C /* Sources */ = {
			isa = PBXSourcesBuildPhase;
			buildActionMask = 2147483647;
			files = (
				9F31682021DB46B700279A6C /* ViewController.swift in Sources */,
				9F31681E21DB46B700279A6C /* AppDelegate.swift in Sources */,
				9F31683521DB55A400279A6C /* SectionCustomee.swift in Sources */,
				9F31683021DB46EE00279A6C /* DataModel.swift in Sources */,
				9F31683221DB470500279A6C /* HeaderView.swift in Sources */,
			);
			runOnlyForDeploymentPostprocessing = 0;
		};
/* End PBXSourcesBuildPhase section */

/* Begin PBXVariantGroup section */
		9F31682121DB46B700279A6C /* Main.storyboard */ = {
			isa = PBXVariantGroup;
			children = (
				9F31682221DB46B700279A6C /* Base */,
			);
			name = Main.storyboard;
			sourceTree = "<group>";
		};
		9F31682621DB46B800279A6C /* LaunchScreen.storyboard */ = {
			isa = PBXVariantGroup;
			children = (
				9F31682721DB46B800279A6C /* Base */,
			);
			name = LaunchScreen.storyboard;
			sourceTree = "<group>";
		};
/* End PBXVariantGroup section */

/* Begin XCBuildConfiguration section */
		9F31682A21DB46B800279A6C /* Debug */ = {
			isa = XCBuildConfiguration;
			buildSettings = {
				ALWAYS_SEARCH_USER_PATHS = NO;
				CLANG_ANALYZER_NONNULL = YES;
				CLANG_ANALYZER_NUMBER_OBJECT_CONVERSION = YES_AGGRESSIVE;
				CLANG_CXX_LANGUAGE_STANDARD = "gnu++14";
				CLANG_CXX_LIBRARY = "libc++";
				CLANG_ENABLE_MODULES = YES;
				CLANG_ENABLE_OBJC_ARC = YES;
				CLANG_ENABLE_OBJC_WEAK = YES;
				CLANG_WARN_BLOCK_CAPTURE_AUTORELEASING = YES;
				CLANG_WARN_BOOL_CONVERSION = YES;
				CLANG_WARN_COMMA = YES;
				CLANG_WARN_CONSTANT_CONVERSION = YES;
				CLANG_WARN_DEPRECATED_OBJC_IMPLEMENTATIONS = YES;
				CLANG_WARN_DIRECT_OBJC_ISA_USAGE = YES_ERROR;
				CLANG_WARN_DOCUMENTATION_COMMENTS = YES;
				CLANG_WARN_EMPTY_BODY = YES;
				CLANG_WARN_ENUM_CONVERSION = YES;
				CLANG_WARN_INFINITE_RECURSION = YES;
				CLANG_WARN_INT_CONVERSION = YES;
				CLANG_WARN_NON_LITERAL_NULL_CONVERSION = YES;
				CLANG_WARN_OBJC_IMPLICIT_RETAIN_SELF = YES;
				CLANG_WARN_OBJC_LITERAL_CONVERSION = YES;
				CLANG_WARN_OBJC_ROOT_CLASS = YES_ERROR;
				CLANG_WARN_RANGE_LOOP_ANALYSIS = YES;
				CLANG_WARN_STRICT_PROTOTYPES = YES;
				CLANG_WARN_SUSPICIOUS_MOVE = YES;
				CLANG_WARN_UNGUARDED_AVAILABILITY = YES_AGGRESSIVE;
				CLANG_WARN_UNREACHABLE_CODE = YES;
				CLANG_WARN__DUPLICATE_METHOD_MATCH = YES;
				CODE_SIGN_IDENTITY = "iPhone Developer";
				COPY_PHASE_STRIP = NO;
				DEBUG_INFORMATION_FORMAT = dwarf;
				ENABLE_STRICT_OBJC_MSGSEND = YES;
				ENABLE_TESTABILITY = YES;
				GCC_C_LANGUAGE_STANDARD = gnu11;
				GCC_DYNAMIC_NO_PIC = NO;
				GCC_NO_COMMON_BLOCKS = YES;
				GCC_OPTIMIZATION_LEVEL = 0;
				GCC_PREPROCESSOR_DEFINITIONS = (
					"DEBUG=1",
					"$(inherited)",
				);
				GCC_WARN_64_TO_32_BIT_CONVERSION = YES;
				GCC_WARN_ABOUT_RETURN_TYPE = YES_ERROR;
				GCC_WARN_UNDECLARED_SELECTOR = YES;
				GCC_WARN_UNINITIALIZED_AUTOS = YES_AGGRESSIVE;
				GCC_WARN_UNUSED_FUNCTION = YES;
				GCC_WARN_UNUSED_VARIABLE = YES;
				IPHONEOS_DEPLOYMENT_TARGET = 12.1;
				MTL_ENABLE_DEBUG_INFO = INCLUDE_SOURCE;
				MTL_FAST_MATH = YES;
				ONLY_ACTIVE_ARCH = YES;
				SDKROOT = iphoneos;
				SWIFT_ACTIVE_COMPILATION_CONDITIONS = DEBUG;
				SWIFT_OPTIMIZATION_LEVEL = "-Onone";
			};
			name = Debug;
		};
		9F31682B21DB46B800279A6C /* Release */ = {
			isa = XCBuildConfiguration;
			buildSettings = {
				ALWAYS_SEARCH_USER_PATHS = NO;
				CLANG_ANALYZER_NONNULL = YES;
				CLANG_ANALYZER_NUMBER_OBJECT_CONVERSION = YES_AGGRESSIVE;
				CLANG_CXX_LANGUAGE_STANDARD = "gnu++14";
				CLANG_CXX_LIBRARY = "libc++";
				CLANG_ENABLE_MODULES = YES;
				CLANG_ENABLE_OBJC_ARC = YES;
				CLANG_ENABLE_OBJC_WEAK = YES;
				CLANG_WARN_BLOCK_CAPTURE_AUTORELEASING = YES;
				CLANG_WARN_BOOL_CONVERSION = YES;
				CLANG_WARN_COMMA = YES;
				CLANG_WARN_CONSTANT_CONVERSION = YES;
				CLANG_WARN_DEPRECATED_OBJC_IMPLEMENTATIONS = YES;
				CLANG_WARN_DIRECT_OBJC_ISA_USAGE = YES_ERROR;
				CLANG_WARN_DOCUMENTATION_COMMENTS = YES;
				CLANG_WARN_EMPTY_BODY = YES;
				CLANG_WARN_ENUM_CONVERSION = YES;
				CLANG_WARN_INFINITE_RECURSION = YES;
				CLANG_WARN_INT_CONVERSION = YES;
				CLANG_WARN_NON_LITERAL_NULL_CONVERSION = YES;
				CLANG_WARN_OBJC_IMPLICIT_RETAIN_SELF = YES;
				CLANG_WARN_OBJC_LITERAL_CONVERSION = YES;
				CLANG_WARN_OBJC_ROOT_CLASS = YES_ERROR;
				CLANG_WARN_RANGE_LOOP_ANALYSIS = YES;
				CLANG_WARN_STRICT_PROTOTYPES = YES;
				CLANG_WARN_SUSPICIOUS_MOVE = YES;
				CLANG_WARN_UNGUARDED_AVAILABILITY = YES_AGGRESSIVE;
				CLANG_WARN_UNREACHABLE_CODE = YES;
				CLANG_WARN__DUPLICATE_METHOD_MATCH = YES;
				CODE_SIGN_IDENTITY = "iPhone Developer";
				COPY_PHASE_STRIP = NO;
				DEBUG_INFORMATION_FORMAT = "dwarf-with-dsym";
				ENABLE_NS_ASSERTIONS = NO;
				ENABLE_STRICT_OBJC_MSGSEND = YES;
				GCC_C_LANGUAGE_STANDARD = gnu11;
				GCC_NO_COMMON_BLOCKS = YES;
				GCC_WARN_64_TO_32_BIT_CONVERSION = YES;
				GCC_WARN_ABOUT_RETURN_TYPE = YES_ERROR;
				GCC_WARN_UNDECLARED_SELECTOR = YES;
				GCC_WARN_UNINITIALIZED_AUTOS = YES_AGGRESSIVE;
				GCC_WARN_UNUSED_FUNCTION = YES;
				GCC_WARN_UNUSED_VARIABLE = YES;
				IPHONEOS_DEPLOYMENT_TARGET = 12.1;
				MTL_ENABLE_DEBUG_INFO = NO;
				MTL_FAST_MATH = YES;
				SDKROOT = iphoneos;
				SWIFT_COMPILATION_MODE = wholemodule;
				SWIFT_OPTIMIZATION_LEVEL = "-O";
				VALIDATE_PRODUCT = YES;
			};
			name = Release;
		};
		9F31682D21DB46B800279A6C /* Debug */ = {
			isa = XCBuildConfiguration;
			buildSettings = {
				ASSETCATALOG_COMPILER_APPICON_NAME = AppIcon;
				CODE_SIGN_STYLE = Automatic;
				DEVELOPMENT_TEAM = N373WCYYY4;
				INFOPLIST_FILE = ExpandableMenu/Info.plist;
				LD_RUNPATH_SEARCH_PATHS = (
					"$(inherited)",
					"@executable_path/Frameworks",
				);
				PRODUCT_BUNDLE_IDENTIFIER = com.kiranrana.ExpandableMenu;
				PRODUCT_NAME = "$(TARGET_NAME)";
				SWIFT_VERSION = 4.2;
				TARGETED_DEVICE_FAMILY = "1,2";
			};
			name = Debug;
		};
		9F31682E21DB46B800279A6C /* Release */ = {
			isa = XCBuildConfiguration;
			buildSettings = {
				ASSETCATALOG_COMPILER_APPICON_NAME = AppIcon;
				CODE_SIGN_STYLE = Automatic;
				DEVELOPMENT_TEAM = N373WCYYY4;
				INFOPLIST_FILE = ExpandableMenu/Info.plist;
				LD_RUNPATH_SEARCH_PATHS = (
					"$(inherited)",
					"@executable_path/Frameworks",
				);
				PRODUCT_BUNDLE_IDENTIFIER = com.kiranrana.ExpandableMenu;
				PRODUCT_NAME = "$(TARGET_NAME)";
				SWIFT_VERSION = 4.2;
				TARGETED_DEVICE_FAMILY = "1,2";
			};
			name = Release;
		};
/* End XCBuildConfiguration section */

/* Begin XCConfigurationList section */
		9F31681521DB46B700279A6C /* Build configuration list for PBXProject "ExpandableMenu" */ = {
			isa = XCConfigurationList;
			buildConfigurations = (
				9F31682A21DB46B800279A6C /* Debug */,
				9F31682B21DB46B800279A6C /* Release */,
			);
			defaultConfigurationIsVisible = 0;
			defaultConfigurationName = Release;
		};
		9F31682C21DB46B800279A6C /* Build configuration list for PBXNativeTarget "ExpandableMenu" */ = {
			isa = XCConfigurationList;
			buildConfigurations = (
				9F31682D21DB46B800279A6C /* Debug */,
				9F31682E21DB46B800279A6C /* Release */,
			);
			defaultConfigurationIsVisible = 0;
			defaultConfigurationName = Release;
		};
/* End XCConfigurationList section */
	};
	rootObject = 9F31681221DB46B700279A6C /* Project object */;
}
